<?xml version="1.0" encoding="UTF-8"?>
<CodeBlocks_project_file>
	<FileVersion major="1" minor="6"/>
	<Project>
		<Option title="space_invaders"/>
		<Option makefile_is_custom="1"/>
		<Option compiler="gcc"/>
		<Option virtualFolders="CMake Files\;"/>
		<Build>
			<Target title="all">
				<Option working_dir="/home/mano/Documents/univ/Gevorderd Programmeren/space-invaders"/>
				<Option type="4"/>
				<MakeCommands>
					<Build command="/usr/bin/make -f &quot;/home/mano/Documents/univ/Gevorderd\ Programmeren/space-invaders/Makefile&quot;  VERBOSE=1 all"/>
					<CompileFile command="/usr/bin/make -f &quot;/home/mano/Documents/univ/Gevorderd\ Programmeren/space-invaders/Makefile&quot;  VERBOSE=1 &quot;$file&quot;"/>
					<Clean command="/usr/bin/make -f &quot;/home/mano/Documents/univ/Gevorderd\ Programmeren/space-invaders/Makefile&quot;  VERBOSE=1 clean"/>
					<DistClean command="/usr/bin/make -f &quot;/home/mano/Documents/univ/Gevorderd\ Programmeren/space-invaders/Makefile&quot;  VERBOSE=1 clean"/>
				</MakeCommands>
			</Target>
			<Target title="rebuild_cache">
				<Option working_dir="/home/mano/Documents/univ/Gevorderd Programmeren/space-invaders"/>
				<Option type="4"/>
				<MakeCommands>
					<Build command="/usr/bin/make -f &quot;/home/mano/Documents/univ/Gevorderd\ Programmeren/space-invaders/Makefile&quot;  VERBOSE=1 rebuild_cache"/>
					<CompileFile command="/usr/bin/make -f &quot;/home/mano/Documents/univ/Gevorderd\ Programmeren/space-invaders/Makefile&quot;  VERBOSE=1 &quot;$file&quot;"/>
					<Clean command="/usr/bin/make -f &quot;/home/mano/Documents/univ/Gevorderd\ Programmeren/space-invaders/Makefile&quot;  VERBOSE=1 clean"/>
					<DistClean command="/usr/bin/make -f &quot;/home/mano/Documents/univ/Gevorderd\ Programmeren/space-invaders/Makefile&quot;  VERBOSE=1 clean"/>
				</MakeCommands>
			</Target>
			<Target title="space_invaders">
				<Option output="/home/mano/Documents/univ/Gevorderd Programmeren/space-invaders/space_invaders" prefix_auto="0" extension_auto="0"/>
				<Option working_dir="/home/mano/Documents/univ/Gevorderd Programmeren/space-invaders"/>
				<Option object_output="./"/>
				<Option type="1"/>
				<Option compiler="gcc"/>
				<Compiler/>
				<MakeCommands>
					<Build command="/usr/bin/make -f &quot;/home/mano/Documents/univ/Gevorderd\ Programmeren/space-invaders/Makefile&quot;  VERBOSE=1 space_invaders"/>
					<CompileFile command="/usr/bin/make -f &quot;/home/mano/Documents/univ/Gevorderd\ Programmeren/space-invaders/Makefile&quot;  VERBOSE=1 &quot;$file&quot;"/>
					<Clean command="/usr/bin/make -f &quot;/home/mano/Documents/univ/Gevorderd\ Programmeren/space-invaders/Makefile&quot;  VERBOSE=1 clean"/>
					<DistClean command="/usr/bin/make -f &quot;/home/mano/Documents/univ/Gevorderd\ Programmeren/space-invaders/Makefile&quot;  VERBOSE=1 clean"/>
				</MakeCommands>
			</Target>
			<Target title="space_invaders/fast">
				<Option output="/home/mano/Documents/univ/Gevorderd Programmeren/space-invaders/space_invaders" prefix_auto="0" extension_auto="0"/>
				<Option working_dir="/home/mano/Documents/univ/Gevorderd Programmeren/space-invaders"/>
				<Option object_output="./"/>
				<Option type="1"/>
				<Option compiler="gcc"/>
				<Compiler/>
				<MakeCommands>
					<Build command="/usr/bin/make -f &quot;/home/mano/Documents/univ/Gevorderd\ Programmeren/space-invaders/Makefile&quot;  VERBOSE=1 space_invaders/fast"/>
					<CompileFile command="/usr/bin/make -f &quot;/home/mano/Documents/univ/Gevorderd\ Programmeren/space-invaders/Makefile&quot;  VERBOSE=1 &quot;$file&quot;"/>
					<Clean command="/usr/bin/make -f &quot;/home/mano/Documents/univ/Gevorderd\ Programmeren/space-invaders/Makefile&quot;  VERBOSE=1 clean"/>
					<DistClean command="/usr/bin/make -f &quot;/home/mano/Documents/univ/Gevorderd\ Programmeren/space-invaders/Makefile&quot;  VERBOSE=1 clean"/>
				</MakeCommands>
			</Target>
			<Target title="edit_cache">
				<Option working_dir="/home/mano/Documents/univ/Gevorderd Programmeren/space-invaders"/>
				<Option type="4"/>
				<MakeCommands>
					<Build command="/usr/bin/make -f &quot;/home/mano/Documents/univ/Gevorderd\ Programmeren/space-invaders/Makefile&quot;  VERBOSE=1 edit_cache"/>
					<CompileFile command="/usr/bin/make -f &quot;/home/mano/Documents/univ/Gevorderd\ Programmeren/space-invaders/Makefile&quot;  VERBOSE=1 &quot;$file&quot;"/>
					<Clean command="/usr/bin/make -f &quot;/home/mano/Documents/univ/Gevorderd\ Programmeren/space-invaders/Makefile&quot;  VERBOSE=1 clean"/>
					<DistClean command="/usr/bin/make -f &quot;/home/mano/Documents/univ/Gevorderd\ Programmeren/space-invaders/Makefile&quot;  VERBOSE=1 clean"/>
				</MakeCommands>
			</Target>
		</Build>
		<Unit filename="/home/mano/Documents/univ/Gevorderd Programmeren/space-invaders/src/entities/abstract_classes/Controller.h">
			<Option target="space_invaders"/>
		</Unit>
		<Unit filename="/home/mano/Documents/univ/Gevorderd Programmeren/space-invaders/src/entities/abstract_classes/Entity.h">
			<Option target="space_invaders"/>
		</Unit>
		<Unit filename="/home/mano/Documents/univ/Gevorderd Programmeren/space-invaders/src/entities/abstract_classes/Observer.h">
			<Option target="space_invaders"/>
		</Unit>
		<Unit filename="/home/mano/Documents/univ/Gevorderd Programmeren/space-invaders/src/entities/abstract_classes/Subject.h">
			<Option target="space_invaders"/>
		</Unit>
		<Unit filename="/home/mano/Documents/univ/Gevorderd Programmeren/space-invaders/src/entities/abstract_classes/View.cpp">
			<Option target="space_invaders"/>
		</Unit>
		<Unit filename="/home/mano/Documents/univ/Gevorderd Programmeren/space-invaders/src/entities/abstract_classes/View.h">
			<Option target="space_invaders"/>
		</Unit>
		<Unit filename="/home/mano/Documents/univ/Gevorderd Programmeren/space-invaders/src/entities/enemies/Enemy.h">
			<Option target="space_invaders"/>
		</Unit>
		<Unit filename="/home/mano/Documents/univ/Gevorderd Programmeren/space-invaders/src/entities/enemies/green_alien/GreenAlien.cpp">
			<Option target="space_invaders"/>
		</Unit>
		<Unit filename="/home/mano/Documents/univ/Gevorderd Programmeren/space-invaders/src/entities/enemies/green_alien/GreenAlien.h">
			<Option target="space_invaders"/>
		</Unit>
		<Unit filename="/home/mano/Documents/univ/Gevorderd Programmeren/space-invaders/src/entities/enemies/green_alien/GreenAlienController.cpp">
			<Option target="space_invaders"/>
		</Unit>
		<Unit filename="/home/mano/Documents/univ/Gevorderd Programmeren/space-invaders/src/entities/enemies/green_alien/GreenAlienController.h">
			<Option target="space_invaders"/>
		</Unit>
		<Unit filename="/home/mano/Documents/univ/Gevorderd Programmeren/space-invaders/src/entities/enemies/green_alien/GreenAlienView.cpp">
			<Option target="space_invaders"/>
		</Unit>
		<Unit filename="/home/mano/Documents/univ/Gevorderd Programmeren/space-invaders/src/entities/enemies/green_alien/GreenAlienView.h">
			<Option target="space_invaders"/>
		</Unit>
		<Unit filename="/home/mano/Documents/univ/Gevorderd Programmeren/space-invaders/src/entities/enemies/purple_alien/PurpleAlien.cpp">
			<Option target="space_invaders"/>
		</Unit>
		<Unit filename="/home/mano/Documents/univ/Gevorderd Programmeren/space-invaders/src/entities/enemies/purple_alien/PurpleAlien.h">
			<Option target="space_invaders"/>
		</Unit>
		<Unit filename="/home/mano/Documents/univ/Gevorderd Programmeren/space-invaders/src/entities/enemies/purple_alien/PurpleAlienController.cpp">
			<Option target="space_invaders"/>
		</Unit>
		<Unit filename="/home/mano/Documents/univ/Gevorderd Programmeren/space-invaders/src/entities/enemies/purple_alien/PurpleAlienController.h">
			<Option target="space_invaders"/>
		</Unit>
		<Unit filename="/home/mano/Documents/univ/Gevorderd Programmeren/space-invaders/src/entities/enemies/purple_alien/PurpleAlienView.cpp">
			<Option target="space_invaders"/>
		</Unit>
		<Unit filename="/home/mano/Documents/univ/Gevorderd Programmeren/space-invaders/src/entities/enemies/purple_alien/PurpleAlienView.h">
			<Option target="space_invaders"/>
		</Unit>
		<Unit filename="/home/mano/Documents/univ/Gevorderd Programmeren/space-invaders/src/entities/enemies/red_alien/RedAlien.cpp">
			<Option target="space_invaders"/>
		</Unit>
		<Unit filename="/home/mano/Documents/univ/Gevorderd Programmeren/space-invaders/src/entities/enemies/red_alien/RedAlien.h">
			<Option target="space_invaders"/>
		</Unit>
		<Unit filename="/home/mano/Documents/univ/Gevorderd Programmeren/space-invaders/src/entities/enemies/red_alien/RedAlienController.cpp">
			<Option target="space_invaders"/>
		</Unit>
		<Unit filename="/home/mano/Documents/univ/Gevorderd Programmeren/space-invaders/src/entities/enemies/red_alien/RedAlienController.h">
			<Option target="space_invaders"/>
		</Unit>
		<Unit filename="/home/mano/Documents/univ/Gevorderd Programmeren/space-invaders/src/entities/enemies/red_alien/RedAlienView.cpp">
			<Option target="space_invaders"/>
		</Unit>
		<Unit filename="/home/mano/Documents/univ/Gevorderd Programmeren/space-invaders/src/entities/enemies/red_alien/RedAlienView.h">
			<Option target="space_invaders"/>
		</Unit>
		<Unit filename="/home/mano/Documents/univ/Gevorderd Programmeren/space-invaders/src/entities/playership/PlayerShip.cpp">
			<Option target="space_invaders"/>
		</Unit>
		<Unit filename="/home/mano/Documents/univ/Gevorderd Programmeren/space-invaders/src/entities/playership/PlayerShip.h">
			<Option target="space_invaders"/>
		</Unit>
		<Unit filename="/home/mano/Documents/univ/Gevorderd Programmeren/space-invaders/src/entities/playership/PlayerShipController.cpp">
			<Option target="space_invaders"/>
		</Unit>
		<Unit filename="/home/mano/Documents/univ/Gevorderd Programmeren/space-invaders/src/entities/playership/PlayerShipController.h">
			<Option target="space_invaders"/>
		</Unit>
		<Unit filename="/home/mano/Documents/univ/Gevorderd Programmeren/space-invaders/src/entities/playership/PlayerShipView.cpp">
			<Option target="space_invaders"/>
		</Unit>
		<Unit filename="/home/mano/Documents/univ/Gevorderd Programmeren/space-invaders/src/entities/playership/PlayerShipView.h">
			<Option target="space_invaders"/>
		</Unit>
		<Unit filename="/home/mano/Documents/univ/Gevorderd Programmeren/space-invaders/src/entities/projectiles/ProjectileFactory.cpp">
			<Option target="space_invaders"/>
		</Unit>
		<Unit filename="/home/mano/Documents/univ/Gevorderd Programmeren/space-invaders/src/entities/projectiles/ProjectileFactory.h">
			<Option target="space_invaders"/>
		</Unit>
		<Unit filename="/home/mano/Documents/univ/Gevorderd Programmeren/space-invaders/src/entities/projectiles/standard/StandardProjectile.cpp">
			<Option target="space_invaders"/>
		</Unit>
		<Unit filename="/home/mano/Documents/univ/Gevorderd Programmeren/space-invaders/src/entities/projectiles/standard/StandardProjectile.h">
			<Option target="space_invaders"/>
		</Unit>
		<Unit filename="/home/mano/Documents/univ/Gevorderd Programmeren/space-invaders/src/entities/projectiles/standard/StandardProjectileController.cpp">
			<Option target="space_invaders"/>
		</Unit>
		<Unit filename="/home/mano/Documents/univ/Gevorderd Programmeren/space-invaders/src/entities/projectiles/standard/StandardProjectileController.h">
			<Option target="space_invaders"/>
		</Unit>
		<Unit filename="/home/mano/Documents/univ/Gevorderd Programmeren/space-invaders/src/entities/projectiles/standard/StandardProjectileView.cpp">
			<Option target="space_invaders"/>
		</Unit>
		<Unit filename="/home/mano/Documents/univ/Gevorderd Programmeren/space-invaders/src/entities/projectiles/standard/StandardProjectileView.h">
			<Option target="space_invaders"/>
		</Unit>
		<Unit filename="/home/mano/Documents/univ/Gevorderd Programmeren/space-invaders/src/entities/projectiles/standard_enemy/StandardEnemyProjectile.cpp">
			<Option target="space_invaders"/>
		</Unit>
		<Unit filename="/home/mano/Documents/univ/Gevorderd Programmeren/space-invaders/src/entities/projectiles/standard_enemy/StandardEnemyProjectile.h">
			<Option target="space_invaders"/>
		</Unit>
		<Unit filename="/home/mano/Documents/univ/Gevorderd Programmeren/space-invaders/src/entities/projectiles/standard_enemy/StandardEnemyProjectileController.cpp">
			<Option target="space_invaders"/>
		</Unit>
		<Unit filename="/home/mano/Documents/univ/Gevorderd Programmeren/space-invaders/src/entities/projectiles/standard_enemy/StandardEnemyProjectileController.h">
			<Option target="space_invaders"/>
		</Unit>
		<Unit filename="/home/mano/Documents/univ/Gevorderd Programmeren/space-invaders/src/entities/projectiles/standard_enemy/StandardEnemyProjectileView.cpp">
			<Option target="space_invaders"/>
		</Unit>
		<Unit filename="/home/mano/Documents/univ/Gevorderd Programmeren/space-invaders/src/entities/projectiles/standard_enemy/StandardEnemyProjectileView.h">
			<Option target="space_invaders"/>
		</Unit>
		<Unit filename="/home/mano/Documents/univ/Gevorderd Programmeren/space-invaders/src/game/Game.cpp">
			<Option target="space_invaders"/>
		</Unit>
		<Unit filename="/home/mano/Documents/univ/Gevorderd Programmeren/space-invaders/src/game/Game.h">
			<Option target="space_invaders"/>
		</Unit>
		<Unit filename="/home/mano/Documents/univ/Gevorderd Programmeren/space-invaders/src/game/LevelLoader.cpp">
			<Option target="space_invaders"/>
		</Unit>
		<Unit filename="/home/mano/Documents/univ/Gevorderd Programmeren/space-invaders/src/game/LevelLoader.h">
			<Option target="space_invaders"/>
		</Unit>
		<Unit filename="/home/mano/Documents/univ/Gevorderd Programmeren/space-invaders/src/main.cpp">
			<Option target="space_invaders"/>
		</Unit>
		<Unit filename="/home/mano/Documents/univ/Gevorderd Programmeren/space-invaders/src/settings/screensize.h">
			<Option target="space_invaders"/>
		</Unit>
		<Unit filename="/home/mano/Documents/univ/Gevorderd Programmeren/space-invaders/src/util/Collision.h">
			<Option target="space_invaders"/>
		</Unit>
		<Unit filename="/home/mano/Documents/univ/Gevorderd Programmeren/space-invaders/src/util/Object.h">
			<Option target="space_invaders"/>
		</Unit>
		<Unit filename="/home/mano/Documents/univ/Gevorderd Programmeren/space-invaders/src/util/Stopwatch.h">
			<Option target="space_invaders"/>
		</Unit>
		<Unit filename="/home/mano/Documents/univ/Gevorderd Programmeren/space-invaders/CMakeLists.txt">
			<Option virtualFolder="CMake Files\"/>
		</Unit>
	</Project>
</CodeBlocks_project_file>
